
Microsoft Visual Studio Solution File, Format Version 12.00
Project("{FAE04EC0-301F-11D3-BF4B-00C04F79EFBC}") = "FocusNumericUpDown", "FocusNumericUpDown\FocusNumericUpDown.csproj", "{28501539-FBDF-49D4-BD99-51595B4BDCCE}"
EndProject
Global
	GlobalSection(SolutionConfigurationPlatforms) = preSolution
		Debug|Any CPU = Debug|Any CPU
		Release|Any CPU = Release|Any CPU
	EndGlobalSection
	GlobalSection(ProjectConfigurationPlatforms) = postSolution
		{28501539-FBDF-49D4-BD99-51595B4BDCCE}.Debug|Any CPU.ActiveCfg = Debug|Any CPU
		{28501539-FBDF-49D4-BD99-51595B4BDCCE}.Debug|Any CPU.Build.0 = Debug|Any CPU
		{28501539-FBDF-49D4-BD99-51595B4BDCCE}.Release|Any CPU.ActiveCfg = Release|Any CPU
		{28501539-FBDF-49D4-BD99-51595B4BDCCE}.Release|Any CPU.Build.0 = Release|Any CPU
	EndGlobalSection
EndGlobal
